[[package]]
category = "main"
description = "Cross-platform colored terminal text."
name = "colorama"
optional = false
python-versions = ">=2.7, !=3.0.*, !=3.1.*, !=3.2.*, !=3.3.*"
version = "0.4.1"

[[package]]
category = "main"
description = "Pythonic argument parser, that will make you smile"
name = "docopt"
optional = false
python-versions = "*"
version = "0.6.2"

[[package]]
category = "main"
description = "Docutils -- Python Documentation Utilities"
name = "docutils"
optional = false
python-versions = ">=2.6, !=3.0.*, !=3.1.*, !=3.2.*"
version = "0.15.2"

[[package]]
category = "main"
description = "A python package that provides useful locks."
name = "fasteners"
optional = false
python-versions = "*"
version = "0.15"

[package.dependencies]
monotonic = ">=0.1"
six = "*"

[[package]]
category = "main"
description = "Platform-independent file locking module"
name = "lockfile"
optional = false
python-versions = "*"
version = "0.12.2"

[[package]]
category = "main"
description = "An implementation of time.monotonic() for Python 2 & < 3.3"
name = "monotonic"
optional = false
python-versions = "*"
version = "1.5"

[[package]]
category = "main"
description = "File system general utilities"
name = "pathtools"
optional = false
python-versions = "*"
version = "0.1.2"

[[package]]
category = "main"
description = "Cross-platform lib for process and system monitoring in Python."
name = "psutil"
optional = false
python-versions = ">=2.6, !=3.0.*, !=3.1.*, !=3.2.*, !=3.3.*"
version = "5.6.7"

[package.extras]
enum = ["enum34"]

[[package]]
category = "main"
description = "Library to implement a well-behaved Unix daemon process."
name = "python-daemon"
optional = false
python-versions = "*"
version = "2.2.4"

[package.dependencies]
docutils = "*"
lockfile = ">=0.10"
setuptools = "*"

[package.extras]
test = ["coverage", "docutils", "mock (>=1.3)", "testscenarios (>=0.4)", "testtools", "unittest2 (>=0.5.1)"]

[[package]]
category = "main"
description = "Python 2 and 3 compatibility utilities"
name = "six"
optional = false
python-versions = ">=2.6, !=3.0.*, !=3.1.*"
version = "1.13.0"

[[package]]
category = "main"
description = "Filesystem events monitoring"
name = "watchdog"
optional = false
python-versions = "*"
version = "0.10.3"

[package.dependencies]
pathtools = ">=0.1.1"

[package.extras]
watchmedo = ["PyYAML (>=3.10)", "argh (>=0.24.1)"]

[metadata]
content-hash = "628997c7a38e49162a631362ef754aa5d21d7b76dc1d173b8f4765616b318996"
python-versions = ">3.4,<4"

[metadata.files]
colorama = [
    {file = "colorama-0.4.1-py2.py3-none-any.whl", hash = "sha256:f8ac84de7840f5b9c4e3347b3c1eaa50f7e49c2b07596221daec5edaabbd7c48"},
    {file = "colorama-0.4.1.tar.gz", hash = "sha256:05eed71e2e327246ad6b38c540c4a3117230b19679b875190486ddd2d721422d"},
]
docopt = [
    {file = "docopt-0.6.2.tar.gz", hash = "sha256:49b3a825280bd66b3aa83585ef59c4a8c82f2c8a522dbe754a8bc8d08c85c491"},
]
docutils = [
    {file = "docutils-0.15.2-py2-none-any.whl", hash = "sha256:9e4d7ecfc600058e07ba661411a2b7de2fd0fafa17d1a7f7361cd47b1175c827"},
    {file = "docutils-0.15.2-py3-none-any.whl", hash = "sha256:6c4f696463b79f1fb8ba0c594b63840ebd41f059e92b31957c46b74a4599b6d0"},
    {file = "docutils-0.15.2.tar.gz", hash = "sha256:a2aeea129088da402665e92e0b25b04b073c04b2dce4ab65caaa38b7ce2e1a99"},
]
fasteners = [
    {file = "fasteners-0.15-py2.py3-none-any.whl", hash = "sha256:007e4d2b2d4a10093f67e932e5166722d2eab83b77724156e92ad013c6226574"},
    {file = "fasteners-0.15.tar.gz", hash = "sha256:3a176da6b70df9bb88498e1a18a9e4a8579ed5b9141207762368a1017bf8f5ef"},
]
lockfile = [
    {file = "lockfile-0.12.2-py2.py3-none-any.whl", hash = "sha256:6c3cb24f344923d30b2785d5ad75182c8ea7ac1b6171b08657258ec7429d50fa"},
    {file = "lockfile-0.12.2.tar.gz", hash = "sha256:6aed02de03cba24efabcd600b30540140634fc06cfa603822d508d5361e9f799"},
]
monotonic = [
    {file = "monotonic-1.5-py2.py3-none-any.whl", hash = "sha256:552a91f381532e33cbd07c6a2655a21908088962bb8fa7239ecbcc6ad1140cc7"},
    {file = "monotonic-1.5.tar.gz", hash = "sha256:23953d55076df038541e648a53676fb24980f7a1be290cdda21300b3bc21dfb0"},
]
pathtools = [
    {file = "pathtools-0.1.2.tar.gz", hash = "sha256:7c35c5421a39bb82e58018febd90e3b6e5db34c5443aaaf742b3f33d4655f1c0"},
]
psutil = [
    {file = "psutil-5.6.7-cp27-none-win32.whl", hash = "sha256:1b1575240ca9a90b437e5a40db662acd87bbf181f6aa02f0204978737b913c6b"},
    {file = "psutil-5.6.7-cp27-none-win_amd64.whl", hash = "sha256:28f771129bfee9fc6b63d83a15d857663bbdcae3828e1cb926e91320a9b5b5cd"},
    {file = "psutil-5.6.7-cp35-cp35m-win32.whl", hash = "sha256:21231ef1c1a89728e29b98a885b8e0a8e00d09018f6da5cdc1f43f988471a995"},
    {file = "psutil-5.6.7-cp35-cp35m-win_amd64.whl", hash = "sha256:b74b43fecce384a57094a83d2778cdfc2e2d9a6afaadd1ebecb2e75e0d34e10d"},
    {file = "psutil-5.6.7-cp36-cp36m-win32.whl", hash = "sha256:e85f727ffb21539849e6012f47b12f6dd4c44965e56591d8dec6e8bc9ab96f4a"},
    {file = "psutil-5.6.7-cp36-cp36m-win_amd64.whl", hash = "sha256:b560f5cd86cf8df7bcd258a851ca1ad98f0d5b8b98748e877a0aec4e9032b465"},
    {file = "psutil-5.6.7-cp37-cp37m-win32.whl", hash = "sha256:094f899ac3ef72422b7e00411b4ed174e3c5a2e04c267db6643937ddba67a05b"},
    {file = "psutil-5.6.7-cp37-cp37m-win_amd64.whl", hash = "sha256:fd2e09bb593ad9bdd7429e779699d2d47c1268cbde4dda95fcd1bd17544a0217"},
    {file = "psutil-5.6.7-cp38-cp38-win32.whl", hash = "sha256:70387772f84fa5c3bb6a106915a2445e20ac8f9821c5914d7cbde148f4d7ff73"},
    {file = "psutil-5.6.7-cp38-cp38-win_amd64.whl", hash = "sha256:10b7f75cc8bd676cfc6fa40cd7d5c25b3f45a0e06d43becd7c2d2871cbb5e806"},
    {file = "psutil-5.6.7.tar.gz", hash = "sha256:ffad8eb2ac614518bbe3c0b8eb9dffdb3a8d2e3a7d5da51c5b974fb723a5c5aa"},
]
python-daemon = [
    {file = "python-daemon-2.2.4.tar.gz", hash = "sha256:57c84f50a04d7825515e4dbf3a31c70cc44414394a71608dee6cfde469e81766"},
    {file = "python_daemon-2.2.4-py2.py3-none-any.whl", hash = "sha256:a0d5dc0b435a02c7e0b401e177a7c17c3f4c7b4e22e2d06271122c8fec5f8946"},
]
six = [
    {file = "six-1.13.0-py2.py3-none-any.whl", hash = "sha256:1f1b7d42e254082a9db6279deae68afb421ceba6158efa6131de7b3003ee93fd"},
    {file = "six-1.13.0.tar.gz", hash = "sha256:30f610279e8b2578cab6db20741130331735c781b56053c59c4076da27f06b66"},
]
watchdog = [
    {file = "watchdog-0.10.3.tar.gz", hash = "sha256:4214e1379d128b0588021880ccaf40317ee156d4603ac388b9adcf29165e0c04"},
]
